
Microsoft Visual Studio Solution File, Format Version 12.00
# Visual Studio Version 16
VisualStudioVersion = 16.0.31624.102
MinimumVisualStudioVersion = 10.0.40219.1
Project("{D41D94A1-88ED-4E10-A303-167415579A2E}") = "coolOrange.AcadElectrical", "coolOrange.AcadElectrical.csproj", "{9F75E742-E800-47B7-B653-654018B2286A}"
EndProject
Global
	GlobalSection(SolutionConfigurationPlatforms) = preSolution
		Debug|Any CPU = Debug|Any CPU
		Release|Any CPU = Release|Any CPU
	EndGlobalSection
	GlobalSection(ProjectConfigurationPlatforms) = postSolution
		{9F75E742-E800-47B7-B653-654018B2286A}.Debug|Any CPU.ActiveCfg = Debug|Any CPU
		{9F75E742-E800-47B7-B653-654018B2286A}.Debug|Any CPU.Build.0 = Debug|Any CPU
		{9F75E742-E800-47B7-B653-654018B2286A}.Release|Any CPU.ActiveCfg = Release|Any CPU
		{9F75E742-E800-47B7-B653-654018B2286A}.Release|Any CPU.Build.0 = Release|Any CPU
	EndGlobalSection
	GlobalSection(SolutionProperties) = preSolution
		HideSolutionNode = FALSE
	EndGlobalSection
	GlobalSection(ExtensibilityGlobals) = postSolution
		SolutionGuid = {C82A208E-8793-4E19-B955-C4569D2ED714}
	EndGlobalSection
EndGlobal
